// !$*UTF8*$!
{
	archiveVersion = 1;
	classes = {
	};
	objectVersion = 46;
	objects = {

/* Begin PBXBuildFile section */
		89335F411AEDFDA100BC444B /* CALayer+Anim.m in Sources */ = {isa = PBXBuildFile; fileRef = 89335F0C1AEDFDA100BC444B /* CALayer+Anim.m */; };
		89335F421AEDFDA100BC444B /* CALayer+Transition.m in Sources */ = {isa = PBXBuildFile; fileRef = 89335F0E1AEDFDA100BC444B /* CALayer+Transition.m */; };
		89335F431AEDFDA100BC444B /* NSArray+Extend.m in Sources */ = {isa = PBXBuildFile; fileRef = 89335F111AEDFDA100BC444B /* NSArray+Extend.m */; };
		89335F441AEDFDA100BC444B /* NSDate+Extend.m in Sources */ = {isa = PBXBuildFile; fileRef = 89335F141AEDFDA100BC444B /* NSDate+Extend.m */; };
		89335F451AEDFDA100BC444B /* NSObject+Extend.m in Sources */ = {isa = PBXBuildFile; fileRef = 89335F171AEDFDA100BC444B /* NSObject+Extend.m */; };
		89335F461AEDFDA100BC444B /* NSString+Extend.m in Sources */ = {isa = PBXBuildFile; fileRef = 89335F1A1AEDFDA100BC444B /* NSString+Extend.m */; };
		89335F471AEDFDA100BC444B /* NSString+Password.m in Sources */ = {isa = PBXBuildFile; fileRef = 89335F1C1AEDFDA100BC444B /* NSString+Password.m */; };
		89335F481AEDFDA100BC444B /* UIApplication+Extend.m in Sources */ = {isa = PBXBuildFile; fileRef = 89335F1F1AEDFDA100BC444B /* UIApplication+Extend.m */; };
		89335F491AEDFDA100BC444B /* UIButton+ImageBtn.m in Sources */ = {isa = PBXBuildFile; fileRef = 89335F221AEDFDA100BC444B /* UIButton+ImageBtn.m */; };
		89335F4A1AEDFDA100BC444B /* UIColor+Extend.m in Sources */ = {isa = PBXBuildFile; fileRef = 89335F251AEDFDA100BC444B /* UIColor+Extend.m */; };
		89335F4B1AEDFDA100BC444B /* UIFont+Extend.m in Sources */ = {isa = PBXBuildFile; fileRef = 89335F281AEDFDA100BC444B /* UIFont+Extend.m */; };
		89335F4C1AEDFDA100BC444B /* UIImage+Blur.m in Sources */ = {isa = PBXBuildFile; fileRef = 89335F2B1AEDFDA100BC444B /* UIImage+Blur.m */; };
		89335F4D1AEDFDA100BC444B /* UIImage+Color.m in Sources */ = {isa = PBXBuildFile; fileRef = 89335F2D1AEDFDA100BC444B /* UIImage+Color.m */; };
		89335F4E1AEDFDA100BC444B /* UIImage+Cut.m in Sources */ = {isa = PBXBuildFile; fileRef = 89335F2F1AEDFDA100BC444B /* UIImage+Cut.m */; };
		89335F4F1AEDFDA100BC444B /* UIImage+Extend.m in Sources */ = {isa = PBXBuildFile; fileRef = 89335F311AEDFDA100BC444B /* UIImage+Extend.m */; };
		89335F501AEDFDA100BC444B /* UIImage+FixOrientation.m in Sources */ = {isa = PBXBuildFile; fileRef = 89335F331AEDFDA100BC444B /* UIImage+FixOrientation.m */; };
		89335F511AEDFDA100BC444B /* UIImage+ImageEffects.m in Sources */ = {isa = PBXBuildFile; fileRef = 89335F351AEDFDA100BC444B /* UIImage+ImageEffects.m */; };
		89335F521AEDFDA100BC444B /* UIImage+RTTint.m in Sources */ = {isa = PBXBuildFile; fileRef = 89335F381AEDFDA100BC444B /* UIImage+RTTint.m */; };
		89335F531AEDFDA100BC444B /* UIImage+TintColor.m in Sources */ = {isa = PBXBuildFile; fileRef = 89335F3A1AEDFDA100BC444B /* UIImage+TintColor.m */; };
		89335F541AEDFDA100BC444B /* UIView+Extend.m in Sources */ = {isa = PBXBuildFile; fileRef = 89335F3D1AEDFDA100BC444B /* UIView+Extend.m */; };
		89335F551AEDFDA100BC444B /* UIWindow+Launch.m in Sources */ = {isa = PBXBuildFile; fileRef = 89335F401AEDFDA100BC444B /* UIWindow+Launch.m */; };
		89A5E33F1AE4CC8B001F6535 /* main.m in Sources */ = {isa = PBXBuildFile; fileRef = 89A5E33E1AE4CC8B001F6535 /* main.m */; };
		89A5E3421AE4CC8B001F6535 /* AppDelegate.m in Sources */ = {isa = PBXBuildFile; fileRef = 89A5E3411AE4CC8B001F6535 /* AppDelegate.m */; };
		89A5E3451AE4CC8B001F6535 /* ViewController.m in Sources */ = {isa = PBXBuildFile; fileRef = 89A5E3441AE4CC8B001F6535 /* ViewController.m */; };
		89A5E3481AE4CC8B001F6535 /* Main.storyboard in Resources */ = {isa = PBXBuildFile; fileRef = 89A5E3461AE4CC8B001F6535 /* Main.storyboard */; };
		89A5E34A1AE4CC8B001F6535 /* Images.xcassets in Resources */ = {isa = PBXBuildFile; fileRef = 89A5E3491AE4CC8B001F6535 /* Images.xcassets */; };
		89A5E34D1AE4CC8B001F6535 /* LaunchScreen.xib in Resources */ = {isa = PBXBuildFile; fileRef = 89A5E34B1AE4CC8B001F6535 /* LaunchScreen.xib */; };
		89A5E3591AE4CC8B001F6535 /* CoreAnimLaunchImageViewTests.m in Sources */ = {isa = PBXBuildFile; fileRef = 89A5E3581AE4CC8B001F6535 /* CoreAnimLaunchImageViewTests.m */; };
		89A5E3661AE4CCCB001F6535 /* CoreAnimLaunchImageView.m in Sources */ = {isa = PBXBuildFile; fileRef = 89A5E3651AE4CCCB001F6535 /* CoreAnimLaunchImageView.m */; };
		89A5E3D21AE4CE7A001F6535 /* 05D1EB67-DA6A-4AE2-AE04-A683B5065ECA.codesnippet in Resources */ = {isa = PBXBuildFile; fileRef = 89A5E3B11AE4CE7A001F6535 /* 05D1EB67-DA6A-4AE2-AE04-A683B5065ECA.codesnippet */; };
		89A5E3D31AE4CE7A001F6535 /* 0D6975F9-C05D-4FA2-A566-1523C39F6B16.codesnippet in Resources */ = {isa = PBXBuildFile; fileRef = 89A5E3B21AE4CE7A001F6535 /* 0D6975F9-C05D-4FA2-A566-1523C39F6B16.codesnippet */; };
		89A5E3D41AE4CE7A001F6535 /* 0FD636EB-A690-4719-90F7-19572E156EDF.codesnippet in Resources */ = {isa = PBXBuildFile; fileRef = 89A5E3B31AE4CE7A001F6535 /* 0FD636EB-A690-4719-90F7-19572E156EDF.codesnippet */; };
		89A5E3D51AE4CE7A001F6535 /* 1A69DADD-1DEC-4250-B217-86EB30E8EDF9.codesnippet in Resources */ = {isa = PBXBuildFile; fileRef = 89A5E3B41AE4CE7A001F6535 /* 1A69DADD-1DEC-4250-B217-86EB30E8EDF9.codesnippet */; };
		89A5E3D61AE4CE7A001F6535 /* 1EDB0718-DC41-4322-9086-4B4E50E2FDC5.codesnippet in Resources */ = {isa = PBXBuildFile; fileRef = 89A5E3B51AE4CE7A001F6535 /* 1EDB0718-DC41-4322-9086-4B4E50E2FDC5.codesnippet */; };
		89A5E3D71AE4CE7A001F6535 /* 2FFB5AF9-06B2-4959-9C01-702F9CFA0CDF.codesnippet in Resources */ = {isa = PBXBuildFile; fileRef = 89A5E3B61AE4CE7A001F6535 /* 2FFB5AF9-06B2-4959-9C01-702F9CFA0CDF.codesnippet */; };
		89A5E3D81AE4CE7A001F6535 /* 34E99E58-FB7E-4AAE-9346-291A969ACBF2.codesnippet in Resources */ = {isa = PBXBuildFile; fileRef = 89A5E3B71AE4CE7A001F6535 /* 34E99E58-FB7E-4AAE-9346-291A969ACBF2.codesnippet */; };
		89A5E3D91AE4CE7A001F6535 /* 3EE4CB05-3745-456A-B181-EDCE10F5F9C8.codesnippet in Resources */ = {isa = PBXBuildFile; fileRef = 89A5E3B81AE4CE7A001F6535 /* 3EE4CB05-3745-456A-B181-EDCE10F5F9C8.codesnippet */; };
		89A5E3DA1AE4CE7A001F6535 /* 52ED5232-DDA6-43D4-868E-335AB2C5638C.codesnippet in Resources */ = {isa = PBXBuildFile; fileRef = 89A5E3B91AE4CE7A001F6535 /* 52ED5232-DDA6-43D4-868E-335AB2C5638C.codesnippet */; };
		89A5E3DB1AE4CE7A001F6535 /* 55F3F9CC-A08E-4CBE-9C96-0AF1C472649C.codesnippet in Resources */ = {isa = PBXBuildFile; fileRef = 89A5E3BA1AE4CE7A001F6535 /* 55F3F9CC-A08E-4CBE-9C96-0AF1C472649C.codesnippet */; };
		89A5E3DC1AE4CE7A001F6535 /* 62CB9255-14CC-4D2F-B039-D1C7F75FF239.codesnippet in Resources */ = {isa = PBXBuildFile; fileRef = 89A5E3BB1AE4CE7A001F6535 /* 62CB9255-14CC-4D2F-B039-D1C7F75FF239.codesnippet */; };
		89A5E3DD1AE4CE7A001F6535 /* 65D27C00-2694-4B17-B682-3AFFBBC46A6B.codesnippet in Resources */ = {isa = PBXBuildFile; fileRef = 89A5E3BC1AE4CE7A001F6535 /* 65D27C00-2694-4B17-B682-3AFFBBC46A6B.codesnippet */; };
		89A5E3DE1AE4CE7A001F6535 /* 6F249D8F-7458-4C2B-92DA-089A7DB3B716.codesnippet in Resources */ = {isa = PBXBuildFile; fileRef = 89A5E3BD1AE4CE7A001F6535 /* 6F249D8F-7458-4C2B-92DA-089A7DB3B716.codesnippet */; };
		89A5E3DF1AE4CE7A001F6535 /* 6F926535-11A2-49F2-ADF8-776BF4982361.codesnippet in Resources */ = {isa = PBXBuildFile; fileRef = 89A5E3BE1AE4CE7A001F6535 /* 6F926535-11A2-49F2-ADF8-776BF4982361.codesnippet */; };
		89A5E3E01AE4CE7A001F6535 /* 8195CF46-A1CE-4C36-BB76-0713E6FCDB57.codesnippet in Resources */ = {isa = PBXBuildFile; fileRef = 89A5E3BF1AE4CE7A001F6535 /* 8195CF46-A1CE-4C36-BB76-0713E6FCDB57.codesnippet */; };
		89A5E3E11AE4CE7A001F6535 /* 8A288E49-DAE1-4E3E-923E-0AC6A885F648.codesnippet in Resources */ = {isa = PBXBuildFile; fileRef = 89A5E3C01AE4CE7A001F6535 /* 8A288E49-DAE1-4E3E-923E-0AC6A885F648.codesnippet */; };
		89A5E3E21AE4CE7A001F6535 /* 8B5C05F5-4175-4987-ACC4-53FB3225EA8C.codesnippet in Resources */ = {isa = PBXBuildFile; fileRef = 89A5E3C11AE4CE7A001F6535 /* 8B5C05F5-4175-4987-ACC4-53FB3225EA8C.codesnippet */; };
		89A5E3E31AE4CE7A001F6535 /* 95CE3D78-9606-430E-9B7F-C5BAD72D2D90.codesnippet in Resources */ = {isa = PBXBuildFile; fileRef = 89A5E3C21AE4CE7A001F6535 /* 95CE3D78-9606-430E-9B7F-C5BAD72D2D90.codesnippet */; };
		89A5E3E41AE4CE7A001F6535 /* 9FD350E8-1D13-465B-8882-879EAA259681.codesnippet in Resources */ = {isa = PBXBuildFile; fileRef = 89A5E3C31AE4CE7A001F6535 /* 9FD350E8-1D13-465B-8882-879EAA259681.codesnippet */; };
		89A5E3E51AE4CE7A001F6535 /* C111A937-498A-4706-93D3-4F29D86E8FCD.codesnippet in Resources */ = {isa = PBXBuildFile; fileRef = 89A5E3C41AE4CE7A001F6535 /* C111A937-498A-4706-93D3-4F29D86E8FCD.codesnippet */; };
		89A5E3E61AE4CE7A001F6535 /* C46BE3E3-0E1F-4467-BD41-D9AA632A0E83.codesnippet in Resources */ = {isa = PBXBuildFile; fileRef = 89A5E3C51AE4CE7A001F6535 /* C46BE3E3-0E1F-4467-BD41-D9AA632A0E83.codesnippet */; };
		89A5E3E71AE4CE7A001F6535 /* CC7FEED4-F3CD-4F95-9D9E-A5B370C33CFF.codesnippet in Resources */ = {isa = PBXBuildFile; fileRef = 89A5E3C61AE4CE7A001F6535 /* CC7FEED4-F3CD-4F95-9D9E-A5B370C33CFF.codesnippet */; };
		89A5E3E81AE4CE7A001F6535 /* D226E98D-6630-4E19-BFF2-5B8E536DFE70.codesnippet in Resources */ = {isa = PBXBuildFile; fileRef = 89A5E3C71AE4CE7A001F6535 /* D226E98D-6630-4E19-BFF2-5B8E536DFE70.codesnippet */; };
		89A5E3E91AE4CE7A001F6535 /* D4FB6F07-4FB2-446E-825D-4BCDF19F478D.codesnippet in Resources */ = {isa = PBXBuildFile; fileRef = 89A5E3C81AE4CE7A001F6535 /* D4FB6F07-4FB2-446E-825D-4BCDF19F478D.codesnippet */; };
		89A5E3EA1AE4CE7A001F6535 /* D71B0FCA-8D09-423D-BB8A-D4614E973F2B.codesnippet in Resources */ = {isa = PBXBuildFile; fileRef = 89A5E3C91AE4CE7A001F6535 /* D71B0FCA-8D09-423D-BB8A-D4614E973F2B.codesnippet */; };
		89A5E3EB1AE4CE7A001F6535 /* E872A8A5-F656-4EAB-8FA1-C5B1358C8BA6.codesnippet in Resources */ = {isa = PBXBuildFile; fileRef = 89A5E3CA1AE4CE7A001F6535 /* E872A8A5-F656-4EAB-8FA1-C5B1358C8BA6.codesnippet */; };
		89A5E3EC1AE4CE7A001F6535 /* EA467D07-0DA8-4A44-9496-2674C8D21C13.codesnippet in Resources */ = {isa = PBXBuildFile; fileRef = 89A5E3CB1AE4CE7A001F6535 /* EA467D07-0DA8-4A44-9496-2674C8D21C13.codesnippet */; };
		89A5E3ED1AE4CE7A001F6535 /* EA88047C-7110-4957-B60E-1138362E45D1.codesnippet in Resources */ = {isa = PBXBuildFile; fileRef = 89A5E3CC1AE4CE7A001F6535 /* EA88047C-7110-4957-B60E-1138362E45D1.codesnippet */; };
		89A5E3EE1AE4CE7A001F6535 /* F65133D4-D8C2-41E7-995C-4BAC8AE1D408.codesnippet in Resources */ = {isa = PBXBuildFile; fileRef = 89A5E3CD1AE4CE7A001F6535 /* F65133D4-D8C2-41E7-995C-4BAC8AE1D408.codesnippet */; };
		89A5E3EF1AE4CE7A001F6535 /* F8A76237-E623-4BCF-A768-EDDFA71F6940.codesnippet in Resources */ = {isa = PBXBuildFile; fileRef = 89A5E3CE1AE4CE7A001F6535 /* F8A76237-E623-4BCF-A768-EDDFA71F6940.codesnippet */; };
		89A5E3F41AE4D335001F6535 /* ViewController.xib in Resources */ = {isa = PBXBuildFile; fileRef = 89A5E3F31AE4D335001F6535 /* ViewController.xib */; };
/* End PBXBuildFile section */

/* Begin PBXContainerItemProxy section */
		89A5E3531AE4CC8B001F6535 /* PBXContainerItemProxy */ = {
			isa = PBXContainerItemProxy;
			containerPortal = 89A5E3311AE4CC8B001F6535 /* Project object */;
			proxyType = 1;
			remoteGlobalIDString = 89A5E3381AE4CC8B001F6535;
			remoteInfo = CoreAnimLaunchImageView;
		};
/* End PBXContainerItemProxy section */

/* Begin PBXFileReference section */
		89335F0B1AEDFDA100BC444B /* CALayer+Anim.h */ = {isa = PBXFileReference; fileEncoding = 4; lastKnownFileType = sourcecode.c.h; path = "CALayer+Anim.h"; sourceTree = "<group>"; };
		89335F0C1AEDFDA100BC444B /* CALayer+Anim.m */ = {isa = PBXFileReference; fileEncoding = 4; lastKnownFileType = sourcecode.c.objc; path = "CALayer+Anim.m"; sourceTree = "<group>"; };
		89335F0D1AEDFDA100BC444B /* CALayer+Transition.h */ = {isa = PBXFileReference; fileEncoding = 4; lastKnownFileType = sourcecode.c.h; path = "CALayer+Transition.h"; sourceTree = "<group>"; };
		89335F0E1AEDFDA100BC444B /* CALayer+Transition.m */ = {isa = PBXFileReference; fileEncoding = 4; lastKnownFileType = sourcecode.c.objc; path = "CALayer+Transition.m"; sourceTree = "<group>"; };
		89335F101AEDFDA100BC444B /* NSArray+Extend.h */ = {isa = PBXFileReference; fileEncoding = 4; lastKnownFileType = sourcecode.c.h; path = "NSArray+Extend.h"; sourceTree = "<group>"; };
		89335F111AEDFDA100BC444B /* NSArray+Extend.m */ = {isa = PBXFileReference; fileEncoding = 4; lastKnownFileType = sourcecode.c.objc; path = "NSArray+Extend.m"; sourceTree = "<group>"; };
		89335F131AEDFDA100BC444B /* NSDate+Extend.h */ = {isa = PBXFileReference; fileEncoding = 4; lastKnownFileType = sourcecode.c.h; path = "NSDate+Extend.h"; sourceTree = "<group>"; };
		89335F141AEDFDA100BC444B /* NSDate+Extend.m */ = {isa = PBXFileReference; fileEncoding = 4; lastKnownFileType = sourcecode.c.objc; path = "NSDate+Extend.m"; sourceTree = "<group>"; };
		89335F161AEDFDA100BC444B /* NSObject+Extend.h */ = {isa = PBXFileReference; fileEncoding = 4; lastKnownFileType = sourcecode.c.h; path = "NSObject+Extend.h"; sourceTree = "<group>"; };
		89335F171AEDFDA100BC444B /* NSObject+Extend.m */ = {isa = PBXFileReference; fileEncoding = 4; lastKnownFileType = sourcecode.c.objc; path = "NSObject+Extend.m"; sourceTree = "<group>"; };
		89335F191AEDFDA100BC444B /* NSString+Extend.h */ = {isa = PBXFileReference; fileEncoding = 4; lastKnownFileType = sourcecode.c.h; path = "NSString+Extend.h"; sourceTree = "<group>"; };
		89335F1A1AEDFDA100BC444B /* NSString+Extend.m */ = {isa = PBXFileReference; fileEncoding = 4; lastKnownFileType = sourcecode.c.objc; path = "NSString+Extend.m"; sourceTree = "<group>"; };
		89335F1B1AEDFDA100BC444B /* NSString+Password.h */ = {isa = PBXFileReference; fileEncoding = 4; lastKnownFileType = sourcecode.c.h; path = "NSString+Password.h"; sourceTree = "<group>"; };
		89335F1C1AEDFDA100BC444B /* NSString+Password.m */ = {isa = PBXFileReference; fileEncoding = 4; lastKnownFileType = sourcecode.c.objc; path = "NSString+Password.m"; sourceTree = "<group>"; };
		89335F1E1AEDFDA100BC444B /* UIApplication+Extend.h */ = {isa = PBXFileReference; fileEncoding = 4; lastKnownFileType = sourcecode.c.h; path = "UIApplication+Extend.h"; sourceTree = "<group>"; };
		89335F1F1AEDFDA100BC444B /* UIApplication+Extend.m */ = {isa = PBXFileReference; fileEncoding = 4; lastKnownFileType = sourcecode.c.objc; path = "UIApplication+Extend.m"; sourceTree = "<group>"; };
		89335F211AEDFDA100BC444B /* UIButton+ImageBtn.h */ = {isa = PBXFileReference; fileEncoding = 4; lastKnownFileType = sourcecode.c.h; path = "UIButton+ImageBtn.h"; sourceTree = "<group>"; };
		89335F221AEDFDA100BC444B /* UIButton+ImageBtn.m */ = {isa = PBXFileReference; fileEncoding = 4; lastKnownFileType = sourcecode.c.objc; path = "UIButton+ImageBtn.m"; sourceTree = "<group>"; };
		89335F241AEDFDA100BC444B /* UIColor+Extend.h */ = {isa = PBXFileReference; fileEncoding = 4; lastKnownFileType = sourcecode.c.h; path = "UIColor+Extend.h"; sourceTree = "<group>"; };
		89335F251AEDFDA100BC444B /* UIColor+Extend.m */ = {isa = PBXFileReference; fileEncoding = 4; lastKnownFileType = sourcecode.c.objc; path = "UIColor+Extend.m"; sourceTree = "<group>"; };
		89335F271AEDFDA100BC444B /* UIFont+Extend.h */ = {isa = PBXFileReference; fileEncoding = 4; lastKnownFileType = sourcecode.c.h; path = "UIFont+Extend.h"; sourceTree = "<group>"; };
		89335F281AEDFDA100BC444B /* UIFont+Extend.m */ = {isa = PBXFileReference; fileEncoding = 4; lastKnownFileType = sourcecode.c.objc; path = "UIFont+Extend.m"; sourceTree = "<group>"; };
		89335F2A1AEDFDA100BC444B /* UIImage+Blur.h */ = {isa = PBXFileReference; fileEncoding = 4; lastKnownFileType = sourcecode.c.h; path = "UIImage+Blur.h"; sourceTree = "<group>"; };
		89335F2B1AEDFDA100BC444B /* UIImage+Blur.m */ = {isa = PBXFileReference; fileEncoding = 4; lastKnownFileType = sourcecode.c.objc; path = "UIImage+Blur.m"; sourceTree = "<group>"; };
		89335F2C1AEDFDA100BC444B /* UIImage+Color.h */ = {isa = PBXFileReference; fileEncoding = 4; lastKnownFileType = sourcecode.c.h; path = "UIImage+Color.h"; sourceTree = "<group>"; };
		89335F2D1AEDFDA100BC444B /* UIImage+Color.m */ = {isa = PBXFileReference; fileEncoding = 4; lastKnownFileType = sourcecode.c.objc; path = "UIImage+Color.m"; sourceTree = "<group>"; };
		89335F2E1AEDFDA100BC444B /* UIImage+Cut.h */ = {isa = PBXFileReference; fileEncoding = 4; lastKnownFileType = sourcecode.c.h; path = "UIImage+Cut.h"; sourceTree = "<group>"; };
		89335F2F1AEDFDA100BC444B /* UIImage+Cut.m */ = {isa = PBXFileReference; fileEncoding = 4; lastKnownFileType = sourcecode.c.objc; path = "UIImage+Cut.m"; sourceTree = "<group>"; };
		89335F301AEDFDA100BC444B /* UIImage+Extend.h */ = {isa = PBXFileReference; fileEncoding = 4; lastKnownFileType = sourcecode.c.h; path = "UIImage+Extend.h"; sourceTree = "<group>"; };
		89335F311AEDFDA100BC444B /* UIImage+Extend.m */ = {isa = PBXFileReference; fileEncoding = 4; lastKnownFileType = sourcecode.c.objc; path = "UIImage+Extend.m"; sourceTree = "<group>"; };
		89335F321AEDFDA100BC444B /* UIImage+FixOrientation.h */ = {isa = PBXFileReference; fileEncoding = 4; lastKnownFileType = sourcecode.c.h; path = "UIImage+FixOrientation.h"; sourceTree = "<group>"; };
		89335F331AEDFDA100BC444B /* UIImage+FixOrientation.m */ = {isa = PBXFileReference; fileEncoding = 4; lastKnownFileType = sourcecode.c.objc; path = "UIImage+FixOrientation.m"; sourceTree = "<group>"; };
		89335F341AEDFDA100BC444B /* UIImage+ImageEffects.h */ = {isa = PBXFileReference; fileEncoding = 4; lastKnownFileType = sourcecode.c.h; path = "UIImage+ImageEffects.h"; sourceTree = "<group>"; };
		89335F351AEDFDA100BC444B /* UIImage+ImageEffects.m */ = {isa = PBXFileReference; fileEncoding = 4; lastKnownFileType = sourcecode.c.objc; path = "UIImage+ImageEffects.m"; sourceTree = "<group>"; };
		89335F371AEDFDA100BC444B /* UIImage+RTTint.h */ = {isa = PBXFileReference; fileEncoding = 4; lastKnownFileType = sourcecode.c.h; path = "UIImage+RTTint.h"; sourceTree = "<group>"; };
		89335F381AEDFDA100BC444B /* UIImage+RTTint.m */ = {isa = PBXFileReference; fileEncoding = 4; lastKnownFileType = sourcecode.c.objc; path = "UIImage+RTTint.m"; sourceTree = "<group>"; };
		89335F391AEDFDA100BC444B /* UIImage+TintColor.h */ = {isa = PBXFileReference; fileEncoding = 4; lastKnownFileType = sourcecode.c.h; path = "UIImage+TintColor.h"; sourceTree = "<group>"; };
		89335F3A1AEDFDA100BC444B /* UIImage+TintColor.m */ = {isa = PBXFileReference; fileEncoding = 4; lastKnownFileType = sourcecode.c.objc; path = "UIImage+TintColor.m"; sourceTree = "<group>"; };
		89335F3C1AEDFDA100BC444B /* UIView+Extend.h */ = {isa = PBXFileReference; fileEncoding = 4; lastKnownFileType = sourcecode.c.h; path = "UIView+Extend.h"; sourceTree = "<group>"; };
		89335F3D1AEDFDA100BC444B /* UIView+Extend.m */ = {isa = PBXFileReference; fileEncoding = 4; lastKnownFileType = sourcecode.c.objc; path = "UIView+Extend.m"; sourceTree = "<group>"; };
		89335F3F1AEDFDA100BC444B /* UIWindow+Launch.h */ = {isa = PBXFileReference; fileEncoding = 4; lastKnownFileType = sourcecode.c.h; path = "UIWindow+Launch.h"; sourceTree = "<group>"; };
		89335F401AEDFDA100BC444B /* UIWindow+Launch.m */ = {isa = PBXFileReference; fileEncoding = 4; lastKnownFileType = sourcecode.c.objc; path = "UIWindow+Launch.m"; sourceTree = "<group>"; };
		89A5E3391AE4CC8B001F6535 /* CoreAnimLaunchImageView.app */ = {isa = PBXFileReference; explicitFileType = wrapper.application; includeInIndex = 0; path = CoreAnimLaunchImageView.app; sourceTree = BUILT_PRODUCTS_DIR; };
		89A5E33D1AE4CC8B001F6535 /* Info.plist */ = {isa = PBXFileReference; lastKnownFileType = text.plist.xml; path = Info.plist; sourceTree = "<group>"; };
		89A5E33E1AE4CC8B001F6535 /* main.m */ = {isa = PBXFileReference; lastKnownFileType = sourcecode.c.objc; path = main.m; sourceTree = "<group>"; };
		89A5E3401AE4CC8B001F6535 /* AppDelegate.h */ = {isa = PBXFileReference; lastKnownFileType = sourcecode.c.h; path = AppDelegate.h; sourceTree = "<group>"; };
		89A5E3411AE4CC8B001F6535 /* AppDelegate.m */ = {isa = PBXFileReference; lastKnownFileType = sourcecode.c.objc; path = AppDelegate.m; sourceTree = "<group>"; };
		89A5E3431AE4CC8B001F6535 /* ViewController.h */ = {isa = PBXFileReference; lastKnownFileType = sourcecode.c.h; path = ViewController.h; sourceTree = "<group>"; };
		89A5E3441AE4CC8B001F6535 /* ViewController.m */ = {isa = PBXFileReference; lastKnownFileType = sourcecode.c.objc; path = ViewController.m; sourceTree = "<group>"; };
		89A5E3471AE4CC8B001F6535 /* Base */ = {isa = PBXFileReference; lastKnownFileType = file.storyboard; name = Base; path = Base.lproj/Main.storyboard; sourceTree = "<group>"; };
		89A5E3491AE4CC8B001F6535 /* Images.xcassets */ = {isa = PBXFileReference; lastKnownFileType = folder.assetcatalog; path = Images.xcassets; sourceTree = "<group>"; };
		89A5E34C1AE4CC8B001F6535 /* Base */ = {isa = PBXFileReference; lastKnownFileType = file.xib; name = Base; path = Base.lproj/LaunchScreen.xib; sourceTree = "<group>"; };
		89A5E3521AE4CC8B001F6535 /* CoreAnimLaunchImageViewTests.xctest */ = {isa = PBXFileReference; explicitFileType = wrapper.cfbundle; includeInIndex = 0; path = CoreAnimLaunchImageViewTests.xctest; sourceTree = BUILT_PRODUCTS_DIR; };
		89A5E3571AE4CC8B001F6535 /* Info.plist */ = {isa = PBXFileReference; lastKnownFileType = text.plist.xml; path = Info.plist; sourceTree = "<group>"; };
		89A5E3581AE4CC8B001F6535 /* CoreAnimLaunchImageViewTests.m */ = {isa = PBXFileReference; lastKnownFileType = sourcecode.c.objc; path = CoreAnimLaunchImageViewTests.m; sourceTree = "<group>"; };
		89A5E3641AE4CCCB001F6535 /* CoreAnimLaunchImageView.h */ = {isa = PBXFileReference; fileEncoding = 4; lastKnownFileType = sourcecode.c.h; path = CoreAnimLaunchImageView.h; sourceTree = "<group>"; };
		89A5E3651AE4CCCB001F6535 /* CoreAnimLaunchImageView.m */ = {isa = PBXFileReference; fileEncoding = 4; lastKnownFileType = sourcecode.c.objc; path = CoreAnimLaunchImageView.m; sourceTree = "<group>"; };
		89A5E3AF1AE4CE7A001F6535 /* CodeBlock.h */ = {isa = PBXFileReference; fileEncoding = 4; lastKnownFileType = sourcecode.c.h; path = CodeBlock.h; sourceTree = "<group>"; };
		89A5E3B11AE4CE7A001F6535 /* 05D1EB67-DA6A-4AE2-AE04-A683B5065ECA.codesnippet */ = {isa = PBXFileReference; fileEncoding = 4; lastKnownFileType = text.xml; path = "05D1EB67-DA6A-4AE2-AE04-A683B5065ECA.codesnippet"; sourceTree = "<group>"; };
		89A5E3B21AE4CE7A001F6535 /* 0D6975F9-C05D-4FA2-A566-1523C39F6B16.codesnippet */ = {isa = PBXFileReference; fileEncoding = 4; lastKnownFileType = text.xml; path = "0D6975F9-C05D-4FA2-A566-1523C39F6B16.codesnippet"; sourceTree = "<group>"; };
		89A5E3B31AE4CE7A001F6535 /* 0FD636EB-A690-4719-90F7-19572E156EDF.codesnippet */ = {isa = PBXFileReference; fileEncoding = 4; lastKnownFileType = text.xml; path = "0FD636EB-A690-4719-90F7-19572E156EDF.codesnippet"; sourceTree = "<group>"; };
		89A5E3B41AE4CE7A001F6535 /* 1A69DADD-1DEC-4250-B217-86EB30E8EDF9.codesnippet */ = {isa = PBXFileReference; fileEncoding = 4; lastKnownFileType = text.xml; path = "1A69DADD-1DEC-4250-B217-86EB30E8EDF9.codesnippet"; sourceTree = "<group>"; };
		89A5E3B51AE4CE7A001F6535 /* 1EDB0718-DC41-4322-9086-4B4E50E2FDC5.codesnippet */ = {isa = PBXFileReference; fileEncoding = 4; lastKnownFileType = text.xml; path = "1EDB0718-DC41-4322-9086-4B4E50E2FDC5.codesnippet"; sourceTree = "<group>"; };
		89A5E3B61AE4CE7A001F6535 /* 2FFB5AF9-06B2-4959-9C01-702F9CFA0CDF.codesnippet */ = {isa = PBXFileReference; fileEncoding = 4; lastKnownFileType = text.xml; path = "2FFB5AF9-06B2-4959-9C01-702F9CFA0CDF.codesnippet"; sourceTree = "<group>"; };
		89A5E3B71AE4CE7A001F6535 /* 34E99E58-FB7E-4AAE-9346-291A969ACBF2.codesnippet */ = {isa = PBXFileReference; fileEncoding = 4; lastKnownFileType = text.xml; path = "34E99E58-FB7E-4AAE-9346-291A969ACBF2.codesnippet"; sourceTree = "<group>"; };
		89A5E3B81AE4CE7A001F6535 /* 3EE4CB05-3745-456A-B181-EDCE10F5F9C8.codesnippet */ = {isa = PBXFileReference; fileEncoding = 4; lastKnownFileType = text.xml; path = "3EE4CB05-3745-456A-B181-EDCE10F5F9C8.codesnippet"; sourceTree = "<group>"; };
		89A5E3B91AE4CE7A001F6535 /* 52ED5232-DDA6-43D4-868E-335AB2C5638C.codesnippet */ = {isa = PBXFileReference; fileEncoding = 4; lastKnownFileType = text.xml; path = "52ED5232-DDA6-43D4-868E-335AB2C5638C.codesnippet"; sourceTree = "<group>"; };
		89A5E3BA1AE4CE7A001F6535 /* 55F3F9CC-A08E-4CBE-9C96-0AF1C472649C.codesnippet */ = {isa = PBXFileReference; fileEncoding = 4; lastKnownFileType = text.xml; path = "55F3F9CC-A08E-4CBE-9C96-0AF1C472649C.codesnippet"; sourceTree = "<group>"; };
		89A5E3BB1AE4CE7A001F6535 /* 62CB9255-14CC-4D2F-B039-D1C7F75FF239.codesnippet */ = {isa = PBXFileReference; fileEncoding = 4; lastKnownFileType = text.xml; path = "62CB9255-14CC-4D2F-B039-D1C7F75FF239.codesnippet"; sourceTree = "<group>"; };
		89A5E3BC1AE4CE7A001F6535 /* 65D27C00-2694-4B17-B682-3AFFBBC46A6B.codesnippet */ = {isa = PBXFileReference; fileEncoding = 4; lastKnownFileType = text.xml; path = "65D27C00-2694-4B17-B682-3AFFBBC46A6B.codesnippet"; sourceTree = "<group>"; };
		89A5E3BD1AE4CE7A001F6535 /* 6F249D8F-7458-4C2B-92DA-089A7DB3B716.codesnippet */ = {isa = PBXFileReference; fileEncoding = 4; lastKnownFileType = text.xml; path = "6F249D8F-7458-4C2B-92DA-089A7DB3B716.codesnippet"; sourceTree = "<group>"; };
		89A5E3BE1AE4CE7A001F6535 /* 6F926535-11A2-49F2-ADF8-776BF4982361.codesnippet */ = {isa = PBXFileReference; fileEncoding = 4; lastKnownFileType = text.xml; path = "6F926535-11A2-49F2-ADF8-776BF4982361.codesnippet"; sourceTree = "<group>"; };
		89A5E3BF1AE4CE7A001F6535 /* 8195CF46-A1CE-4C36-BB76-0713E6FCDB57.codesnippet */ = {isa = PBXFileReference; fileEncoding = 4; lastKnownFileType = text.xml; path = "8195CF46-A1CE-4C36-BB76-0713E6FCDB57.codesnippet"; sourceTree = "<group>"; };
		89A5E3C01AE4CE7A001F6535 /* 8A288E49-DAE1-4E3E-923E-0AC6A885F648.codesnippet */ = {isa = PBXFileReference; fileEncoding = 4; lastKnownFileType = text.xml; path = "8A288E49-DAE1-4E3E-923E-0AC6A885F648.codesnippet"; sourceTree = "<group>"; };
		89A5E3C11AE4CE7A001F6535 /* 8B5C05F5-4175-4987-ACC4-53FB3225EA8C.codesnippet */ = {isa = PBXFileReference; fileEncoding = 4; lastKnownFileType = text.xml; path = "8B5C05F5-4175-4987-ACC4-53FB3225EA8C.codesnippet"; sourceTree = "<group>"; };
		89A5E3C21AE4CE7A001F6535 /* 95CE3D78-9606-430E-9B7F-C5BAD72D2D90.codesnippet */ = {isa = PBXFileReference; fileEncoding = 4; lastKnownFileType = text.xml; path = "95CE3D78-9606-430E-9B7F-C5BAD72D2D90.codesnippet"; sourceTree = "<group>"; };
		89A5E3C31AE4CE7A001F6535 /* 9FD350E8-1D13-465B-8882-879EAA259681.codesnippet */ = {isa = PBXFileReference; fileEncoding = 4; lastKnownFileType = text.xml; path = "9FD350E8-1D13-465B-8882-879EAA259681.codesnippet"; sourceTree = "<group>"; };
		89A5E3C41AE4CE7A001F6535 /* C111A937-498A-4706-93D3-4F29D86E8FCD.codesnippet */ = {isa = PBXFileReference; fileEncoding = 4; lastKnownFileType = text.xml; path = "C111A937-498A-4706-93D3-4F29D86E8FCD.codesnippet"; sourceTree = "<group>"; };
		89A5E3C51AE4CE7A001F6535 /* C46BE3E3-0E1F-4467-BD41-D9AA632A0E83.codesnippet */ = {isa = PBXFileReference; fileEncoding = 4; lastKnownFileType = text.xml; path = "C46BE3E3-0E1F-4467-BD41-D9AA632A0E83.codesnippet"; sourceTree = "<group>"; };
		89A5E3C61AE4CE7A001F6535 /* CC7FEED4-F3CD-4F95-9D9E-A5B370C33CFF.codesnippet */ = {isa = PBXFileReference; fileEncoding = 4; lastKnownFileType = text.xml; path = "CC7FEED4-F3CD-4F95-9D9E-A5B370C33CFF.codesnippet"; sourceTree = "<group>"; };
		89A5E3C71AE4CE7A001F6535 /* D226E98D-6630-4E19-BFF2-5B8E536DFE70.codesnippet */ = {isa = PBXFileReference; fileEncoding = 4; lastKnownFileType = text.xml; path = "D226E98D-6630-4E19-BFF2-5B8E536DFE70.codesnippet"; sourceTree = "<group>"; };
		89A5E3C81AE4CE7A001F6535 /* D4FB6F07-4FB2-446E-825D-4BCDF19F478D.codesnippet */ = {isa = PBXFileReference; fileEncoding = 4; lastKnownFileType = text.xml; path = "D4FB6F07-4FB2-446E-825D-4BCDF19F478D.codesnippet"; sourceTree = "<group>"; };
		89A5E3C91AE4CE7A001F6535 /* D71B0FCA-8D09-423D-BB8A-D4614E973F2B.codesnippet */ = {isa = PBXFileReference; fileEncoding = 4; lastKnownFileType = text.xml; path = "D71B0FCA-8D09-423D-BB8A-D4614E973F2B.codesnippet"; sourceTree = "<group>"; };
		89A5E3CA1AE4CE7A001F6535 /* E872A8A5-F656-4EAB-8FA1-C5B1358C8BA6.codesnippet */ = {isa = PBXFileReference; fileEncoding = 4; lastKnownFileType = text.xml; path = "E872A8A5-F656-4EAB-8FA1-C5B1358C8BA6.codesnippet"; sourceTree = "<group>"; };
		89A5E3CB1AE4CE7A001F6535 /* EA467D07-0DA8-4A44-9496-2674C8D21C13.codesnippet */ = {isa = PBXFileReference; fileEncoding = 4; lastKnownFileType = text.xml; path = "EA467D07-0DA8-4A44-9496-2674C8D21C13.codesnippet"; sourceTree = "<group>"; };
		89A5E3CC1AE4CE7A001F6535 /* EA88047C-7110-4957-B60E-1138362E45D1.codesnippet */ = {isa = PBXFileReference; fileEncoding = 4; lastKnownFileType = text.xml; path = "EA88047C-7110-4957-B60E-1138362E45D1.codesnippet"; sourceTree = "<group>"; };
		89A5E3CD1AE4CE7A001F6535 /* F65133D4-D8C2-41E7-995C-4BAC8AE1D408.codesnippet */ = {isa = PBXFileReference; fileEncoding = 4; lastKnownFileType = text.xml; path = "F65133D4-D8C2-41E7-995C-4BAC8AE1D408.codesnippet"; sourceTree = "<group>"; };
		89A5E3CE1AE4CE7A001F6535 /* F8A76237-E623-4BCF-A768-EDDFA71F6940.codesnippet */ = {isa = PBXFileReference; fileEncoding = 4; lastKnownFileType = text.xml; path = "F8A76237-E623-4BCF-A768-EDDFA71F6940.codesnippet"; sourceTree = "<group>"; };
		89A5E3CF1AE4CE7A001F6535 /* CoreConst.h */ = {isa = PBXFileReference; fileEncoding = 4; lastKnownFileType = sourcecode.c.h; path = CoreConst.h; sourceTree = "<group>"; };
		89A5E3D01AE4CE7A001F6535 /* Experience.h */ = {isa = PBXFileReference; fileEncoding = 4; lastKnownFileType = sourcecode.c.h; path = Experience.h; sourceTree = "<group>"; };
		89A5E3D11AE4CE7A001F6535 /* iOS8.h */ = {isa = PBXFileReference; fileEncoding = 4; lastKnownFileType = sourcecode.c.h; path = iOS8.h; sourceTree = "<group>"; };
		89A5E3F31AE4D335001F6535 /* ViewController.xib */ = {isa = PBXFileReference; fileEncoding = 4; lastKnownFileType = file.xib; path = ViewController.xib; sourceTree = "<group>"; };
/* End PBXFileReference section */

/* Begin PBXFrameworksBuildPhase section */
		89A5E3361AE4CC8B001F6535 /* Frameworks */ = {
			isa = PBXFrameworksBuildPhase;
			buildActionMask = 2147483647;
			files = (
			);
			runOnlyForDeploymentPostprocessing = 0;
		};
		89A5E34F1AE4CC8B001F6535 /* Frameworks */ = {
			isa = PBXFrameworksBuildPhase;
			buildActionMask = 2147483647;
			files = (
			);
			runOnlyForDeploymentPostprocessing = 0;
		};
/* End PBXFrameworksBuildPhase section */

/* Begin PBXGroup section */
		89335F091AEDFDA100BC444B /* CoreCategory */ = {
			isa = PBXGroup;
			children = (
				89335F0A1AEDFDA100BC444B /* CALayer */,
				89335F0F1AEDFDA100BC444B /* NSArray */,
				89335F121AEDFDA100BC444B /* NSDate */,
				89335F151AEDFDA100BC444B /* NSObject */,
				89335F181AEDFDA100BC444B /* NSString */,
				89335F1D1AEDFDA100BC444B /* UIApplication */,
				89335F201AEDFDA100BC444B /* UIButton */,
				89335F231AEDFDA100BC444B /* UIColor */,
				89335F261AEDFDA100BC444B /* UIFont */,
				89335F291AEDFDA100BC444B /* UIImage */,
				89335F3B1AEDFDA100BC444B /* UIView */,
				89335F3E1AEDFDA100BC444B /* UIWindow */,
			);
			path = CoreCategory;
			sourceTree = "<group>";
		};
		89335F0A1AEDFDA100BC444B /* CALayer */ = {
			isa = PBXGroup;
			children = (
				89335F0B1AEDFDA100BC444B /* CALayer+Anim.h */,
				89335F0C1AEDFDA100BC444B /* CALayer+Anim.m */,
				89335F0D1AEDFDA100BC444B /* CALayer+Transition.h */,
				89335F0E1AEDFDA100BC444B /* CALayer+Transition.m */,
			);
			path = CALayer;
			sourceTree = "<group>";
		};
		89335F0F1AEDFDA100BC444B /* NSArray */ = {
			isa = PBXGroup;
			children = (
				89335F101AEDFDA100BC444B /* NSArray+Extend.h */,
				89335F111AEDFDA100BC444B /* NSArray+Extend.m */,
			);
			path = NSArray;
			sourceTree = "<group>";
		};
		89335F121AEDFDA100BC444B /* NSDate */ = {
			isa = PBXGroup;
			children = (
				89335F131AEDFDA100BC444B /* NSDate+Extend.h */,
				89335F141AEDFDA100BC444B /* NSDate+Extend.m */,
			);
			path = NSDate;
			sourceTree = "<group>";
		};
		89335F151AEDFDA100BC444B /* NSObject */ = {
			isa = PBXGroup;
			children = (
				89335F161AEDFDA100BC444B /* NSObject+Extend.h */,
				89335F171AEDFDA100BC444B /* NSObject+Extend.m */,
			);
			path = NSObject;
			sourceTree = "<group>";
		};
		89335F181AEDFDA100BC444B /* NSString */ = {
			isa = PBXGroup;
			children = (
				89335F191AEDFDA100BC444B /* NSString+Extend.h */,
				89335F1A1AEDFDA100BC444B /* NSString+Extend.m */,
				89335F1B1AEDFDA100BC444B /* NSString+Password.h */,
				89335F1C1AEDFDA100BC444B /* NSString+Password.m */,
			);
			path = NSString;
			sourceTree = "<group>";
		};
		89335F1D1AEDFDA100BC444B /* UIApplication */ = {
			isa = PBXGroup;
			children = (
				89335F1E1AEDFDA100BC444B /* UIApplication+Extend.h */,
				89335F1F1AEDFDA100BC444B /* UIApplication+Extend.m */,
			);
			path = UIApplication;
			sourceTree = "<group>";
		};
		89335F201AEDFDA100BC444B /* UIButton */ = {
			isa = PBXGroup;
			children = (
				89335F211AEDFDA100BC444B /* UIButton+ImageBtn.h */,
				89335F221AEDFDA100BC444B /* UIButton+ImageBtn.m */,
			);
			path = UIButton;
			sourceTree = "<group>";
		};
		89335F231AEDFDA100BC444B /* UIColor */ = {
			isa = PBXGroup;
			children = (
				89335F241AEDFDA100BC444B /* UIColor+Extend.h */,
				89335F251AEDFDA100BC444B /* UIColor+Extend.m */,
			);
			path = UIColor;
			sourceTree = "<group>";
		};
		89335F261AEDFDA100BC444B /* UIFont */ = {
			isa = PBXGroup;
			children = (
				89335F271AEDFDA100BC444B /* UIFont+Extend.h */,
				89335F281AEDFDA100BC444B /* UIFont+Extend.m */,
			);
			path = UIFont;
			sourceTree = "<group>";
		};
		89335F291AEDFDA100BC444B /* UIImage */ = {
			isa = PBXGroup;
			children = (
				89335F2A1AEDFDA100BC444B /* UIImage+Blur.h */,
				89335F2B1AEDFDA100BC444B /* UIImage+Blur.m */,
				89335F2C1AEDFDA100BC444B /* UIImage+Color.h */,
				89335F2D1AEDFDA100BC444B /* UIImage+Color.m */,
				89335F2E1AEDFDA100BC444B /* UIImage+Cut.h */,
				89335F2F1AEDFDA100BC444B /* UIImage+Cut.m */,
				89335F301AEDFDA100BC444B /* UIImage+Extend.h */,
				89335F311AEDFDA100BC444B /* UIImage+Extend.m */,
				89335F321AEDFDA100BC444B /* UIImage+FixOrientation.h */,
				89335F331AEDFDA100BC444B /* UIImage+FixOrientation.m */,
				89335F341AEDFDA100BC444B /* UIImage+ImageEffects.h */,
				89335F351AEDFDA100BC444B /* UIImage+ImageEffects.m */,
				89335F361AEDFDA100BC444B /* UIImage+TintColor */,
			);
			path = UIImage;
			sourceTree = "<group>";
		};
		89335F361AEDFDA100BC444B /* UIImage+TintColor */ = {
			isa = PBXGroup;
			children = (
				89335F371AEDFDA100BC444B /* UIImage+RTTint.h */,
				89335F381AEDFDA100BC444B /* UIImage+RTTint.m */,
				89335F391AEDFDA100BC444B /* UIImage+TintColor.h */,
				89335F3A1AEDFDA100BC444B /* UIImage+TintColor.m */,
			);
			path = "UIImage+TintColor";
			sourceTree = "<group>";
		};
		89335F3B1AEDFDA100BC444B /* UIView */ = {
			isa = PBXGroup;
			children = (
				89335F3C1AEDFDA100BC444B /* UIView+Extend.h */,
				89335F3D1AEDFDA100BC444B /* UIView+Extend.m */,
			);
			path = UIView;
			sourceTree = "<group>";
		};
		89335F3E1AEDFDA100BC444B /* UIWindow */ = {
			isa = PBXGroup;
			children = (
				89335F3F1AEDFDA100BC444B /* UIWindow+Launch.h */,
				89335F401AEDFDA100BC444B /* UIWindow+Launch.m */,
			);
			path = UIWindow;
			sourceTree = "<group>";
		};
		89A5E3301AE4CC8B001F6535 = {
			isa = PBXGroup;
			children = (
				89A5E33B1AE4CC8B001F6535 /* CoreAnimLaunchImageView */,
				89A5E3551AE4CC8B001F6535 /* CoreAnimLaunchImageViewTests */,
				89A5E33A1AE4CC8B001F6535 /* Products */,
			);
			sourceTree = "<group>";
		};
		89A5E33A1AE4CC8B001F6535 /* Products */ = {
			isa = PBXGroup;
			children = (
				89A5E3391AE4CC8B001F6535 /* CoreAnimLaunchImageView.app */,
				89A5E3521AE4CC8B001F6535 /* CoreAnimLaunchImageViewTests.xctest */,
			);
			name = Products;
			sourceTree = "<group>";
		};
		89A5E33B1AE4CC8B001F6535 /* CoreAnimLaunchImageView */ = {
			isa = PBXGroup;
			children = (
				89A5E3621AE4CCAF001F6535 /* CoreAnimLaunchImageView */,
				89A5E3671AE4CCFB001F6535 /* FrameWorks */,
				89A5E33C1AE4CC8B001F6535 /* Supporting Files */,
			);
			path = CoreAnimLaunchImageView;
			sourceTree = "<group>";
		};
		89A5E33C1AE4CC8B001F6535 /* Supporting Files */ = {
			isa = PBXGroup;
			children = (
				89A5E3401AE4CC8B001F6535 /* AppDelegate.h */,
				89A5E3411AE4CC8B001F6535 /* AppDelegate.m */,
				89A5E3431AE4CC8B001F6535 /* ViewController.h */,
				89A5E3441AE4CC8B001F6535 /* ViewController.m */,
				89A5E3F31AE4D335001F6535 /* ViewController.xib */,
				89A5E3461AE4CC8B001F6535 /* Main.storyboard */,
				89A5E3491AE4CC8B001F6535 /* Images.xcassets */,
				89A5E34B1AE4CC8B001F6535 /* LaunchScreen.xib */,
				89A5E33D1AE4CC8B001F6535 /* Info.plist */,
				89A5E33E1AE4CC8B001F6535 /* main.m */,
			);
			name = "Supporting Files";
			sourceTree = "<group>";
		};
		89A5E3551AE4CC8B001F6535 /* CoreAnimLaunchImageViewTests */ = {
			isa = PBXGroup;
			children = (
				89A5E3581AE4CC8B001F6535 /* CoreAnimLaunchImageViewTests.m */,
				89A5E3561AE4CC8B001F6535 /* Supporting Files */,
			);
			path = CoreAnimLaunchImageViewTests;
			sourceTree = "<group>";
		};
		89A5E3561AE4CC8B001F6535 /* Supporting Files */ = {
			isa = PBXGroup;
			children = (
				89A5E3571AE4CC8B001F6535 /* Info.plist */,
			);
			name = "Supporting Files";
			sourceTree = "<group>";
		};
		89A5E3621AE4CCAF001F6535 /* CoreAnimLaunchImageView */ = {
			isa = PBXGroup;
			children = (
				89A5E3641AE4CCCB001F6535 /* CoreAnimLaunchImageView.h */,
				89A5E3651AE4CCCB001F6535 /* CoreAnimLaunchImageView.m */,
			);
			path = CoreAnimLaunchImageView;
			sourceTree = "<group>";
		};
		89A5E3671AE4CCFB001F6535 /* FrameWorks */ = {
			isa = PBXGroup;
			children = (
				89335F091AEDFDA100BC444B /* CoreCategory */,
				89A5E3AE1AE4CE7A001F6535 /* CoreExtend */,
			);
			path = FrameWorks;
			sourceTree = "<group>";
		};
		89A5E3AE1AE4CE7A001F6535 /* CoreExtend */ = {
			isa = PBXGroup;
			children = (
				89A5E3AF1AE4CE7A001F6535 /* CodeBlock.h */,
				89A5E3B01AE4CE7A001F6535 /* CodeSnippets */,
				89A5E3CF1AE4CE7A001F6535 /* CoreConst.h */,
				89A5E3D01AE4CE7A001F6535 /* Experience.h */,
				89A5E3D11AE4CE7A001F6535 /* iOS8.h */,
			);
			path = CoreExtend;
			sourceTree = "<group>";
		};
		89A5E3B01AE4CE7A001F6535 /* CodeSnippets */ = {
			isa = PBXGroup;
			children = (
				89A5E3B11AE4CE7A001F6535 /* 05D1EB67-DA6A-4AE2-AE04-A683B5065ECA.codesnippet */,
				89A5E3B21AE4CE7A001F6535 /* 0D6975F9-C05D-4FA2-A566-1523C39F6B16.codesnippet */,
				89A5E3B31AE4CE7A001F6535 /* 0FD636EB-A690-4719-90F7-19572E156EDF.codesnippet */,
				89A5E3B41AE4CE7A001F6535 /* 1A69DADD-1DEC-4250-B217-86EB30E8EDF9.codesnippet */,
				89A5E3B51AE4CE7A001F6535 /* 1EDB0718-DC41-4322-9086-4B4E50E2FDC5.codesnippet */,
				89A5E3B61AE4CE7A001F6535 /* 2FFB5AF9-06B2-4959-9C01-702F9CFA0CDF.codesnippet */,
				89A5E3B71AE4CE7A001F6535 /* 34E99E58-FB7E-4AAE-9346-291A969ACBF2.codesnippet */,
				89A5E3B81AE4CE7A001F6535 /* 3EE4CB05-3745-456A-B181-EDCE10F5F9C8.codesnippet */,
				89A5E3B91AE4CE7A001F6535 /* 52ED5232-DDA6-43D4-868E-335AB2C5638C.codesnippet */,
				89A5E3BA1AE4CE7A001F6535 /* 55F3F9CC-A08E-4CBE-9C96-0AF1C472649C.codesnippet */,
				89A5E3BB1AE4CE7A001F6535 /* 62CB9255-14CC-4D2F-B039-D1C7F75FF239.codesnippet */,
				89A5E3BC1AE4CE7A001F6535 /* 65D27C00-2694-4B17-B682-3AFFBBC46A6B.codesnippet */,
				89A5E3BD1AE4CE7A001F6535 /* 6F249D8F-7458-4C2B-92DA-089A7DB3B716.codesnippet */,
				89A5E3BE1AE4CE7A001F6535 /* 6F926535-11A2-49F2-ADF8-776BF4982361.codesnippet */,
				89A5E3BF1AE4CE7A001F6535 /* 8195CF46-A1CE-4C36-BB76-0713E6FCDB57.codesnippet */,
				89A5E3C01AE4CE7A001F6535 /* 8A288E49-DAE1-4E3E-923E-0AC6A885F648.codesnippet */,
				89A5E3C11AE4CE7A001F6535 /* 8B5C05F5-4175-4987-ACC4-53FB3225EA8C.codesnippet */,
				89A5E3C21AE4CE7A001F6535 /* 95CE3D78-9606-430E-9B7F-C5BAD72D2D90.codesnippet */,
				89A5E3C31AE4CE7A001F6535 /* 9FD350E8-1D13-465B-8882-879EAA259681.codesnippet */,
				89A5E3C41AE4CE7A001F6535 /* C111A937-498A-4706-93D3-4F29D86E8FCD.codesnippet */,
				89A5E3C51AE4CE7A001F6535 /* C46BE3E3-0E1F-4467-BD41-D9AA632A0E83.codesnippet */,
				89A5E3C61AE4CE7A001F6535 /* CC7FEED4-F3CD-4F95-9D9E-A5B370C33CFF.codesnippet */,
				89A5E3C71AE4CE7A001F6535 /* D226E98D-6630-4E19-BFF2-5B8E536DFE70.codesnippet */,
				89A5E3C81AE4CE7A001F6535 /* D4FB6F07-4FB2-446E-825D-4BCDF19F478D.codesnippet */,
				89A5E3C91AE4CE7A001F6535 /* D71B0FCA-8D09-423D-BB8A-D4614E973F2B.codesnippet */,
				89A5E3CA1AE4CE7A001F6535 /* E872A8A5-F656-4EAB-8FA1-C5B1358C8BA6.codesnippet */,
				89A5E3CB1AE4CE7A001F6535 /* EA467D07-0DA8-4A44-9496-2674C8D21C13.codesnippet */,
				89A5E3CC1AE4CE7A001F6535 /* EA88047C-7110-4957-B60E-1138362E45D1.codesnippet */,
				89A5E3CD1AE4CE7A001F6535 /* F65133D4-D8C2-41E7-995C-4BAC8AE1D408.codesnippet */,
				89A5E3CE1AE4CE7A001F6535 /* F8A76237-E623-4BCF-A768-EDDFA71F6940.codesnippet */,
			);
			path = CodeSnippets;
			sourceTree = "<group>";
		};
/* End PBXGroup section */

/* Begin PBXNativeTarget section */
		89A5E3381AE4CC8B001F6535 /* CoreAnimLaunchImageView */ = {
			isa = PBXNativeTarget;
			buildConfigurationList = 89A5E35C1AE4CC8B001F6535 /* Build configuration list for PBXNativeTarget "CoreAnimLaunchImageView" */;
			buildPhases = (
				89A5E3351AE4CC8B001F6535 /* Sources */,
				89A5E3361AE4CC8B001F6535 /* Frameworks */,
				89A5E3371AE4CC8B001F6535 /* Resources */,
			);
			buildRules = (
			);
			dependencies = (
			);
			name = CoreAnimLaunchImageView;
			productName = CoreAnimLaunchImageView;
			productReference = 89A5E3391AE4CC8B001F6535 /* CoreAnimLaunchImageView.app */;
			productType = "com.apple.product-type.application";
		};
		89A5E3511AE4CC8B001F6535 /* CoreAnimLaunchImageViewTests */ = {
			isa = PBXNativeTarget;
			buildConfigurationList = 89A5E35F1AE4CC8B001F6535 /* Build configuration list for PBXNativeTarget "CoreAnimLaunchImageViewTests" */;
			buildPhases = (
				89A5E34E1AE4CC8B001F6535 /* Sources */,
				89A5E34F1AE4CC8B001F6535 /* Frameworks */,
				89A5E3501AE4CC8B001F6535 /* Resources */,
			);
			buildRules = (
			);
			dependencies = (
				89A5E3541AE4CC8B001F6535 /* PBXTargetDependency */,
			);
			name = CoreAnimLaunchImageViewTests;
			productName = CoreAnimLaunchImageViewTests;
			productReference = 89A5E3521AE4CC8B001F6535 /* CoreAnimLaunchImageViewTests.xctest */;
			productType = "com.apple.product-type.bundle.unit-test";
		};
/* End PBXNativeTarget section */

/* Begin PBXProject section */
		89A5E3311AE4CC8B001F6535 /* Project object */ = {
			isa = PBXProject;
			attributes = {
				LastUpgradeCheck = 0630;
				ORGANIZATIONNAME = "冯成林";
				TargetAttributes = {
					89A5E3381AE4CC8B001F6535 = {
						CreatedOnToolsVersion = 6.3;
					};
					89A5E3511AE4CC8B001F6535 = {
						CreatedOnToolsVersion = 6.3;
						TestTargetID = 89A5E3381AE4CC8B001F6535;
					};
				};
			};
			buildConfigurationList = 89A5E3341AE4CC8B001F6535 /* Build configuration list for PBXProject "CoreAnimLaunchImageView" */;
			compatibilityVersion = "Xcode 3.2";
			developmentRegion = English;
			hasScannedForEncodings = 0;
			knownRegions = (
				en,
				Base,
			);
			mainGroup = 89A5E3301AE4CC8B001F6535;
			productRefGroup = 89A5E33A1AE4CC8B001F6535 /* Products */;
			projectDirPath = "";
			projectRoot = "";
			targets = (
				89A5E3381AE4CC8B001F6535 /* CoreAnimLaunchImageView */,
				89A5E3511AE4CC8B001F6535 /* CoreAnimLaunchImageViewTests */,
			);
		};
/* End PBXProject section */

/* Begin PBXResourcesBuildPhase section */
		89A5E3371AE4CC8B001F6535 /* Resources */ = {
			isa = PBXResourcesBuildPhase;
			buildActionMask = 2147483647;
			files = (
				89A5E3E81AE4CE7A001F6535 /* D226E98D-6630-4E19-BFF2-5B8E536DFE70.codesnippet in Resources */,
				89A5E3E11AE4CE7A001F6535 /* 8A288E49-DAE1-4E3E-923E-0AC6A885F648.codesnippet in Resources */,
				89A5E3D51AE4CE7A001F6535 /* 1A69DADD-1DEC-4250-B217-86EB30E8EDF9.codesnippet in Resources */,
				89A5E3481AE4CC8B001F6535 /* Main.storyboard in Resources */,
				89A5E3DE1AE4CE7A001F6535 /* 6F249D8F-7458-4C2B-92DA-089A7DB3B716.codesnippet in Resources */,
				89A5E3DF1AE4CE7A001F6535 /* 6F926535-11A2-49F2-ADF8-776BF4982361.codesnippet in Resources */,
				89A5E3D21AE4CE7A001F6535 /* 05D1EB67-DA6A-4AE2-AE04-A683B5065ECA.codesnippet in Resources */,
				89A5E3E61AE4CE7A001F6535 /* C46BE3E3-0E1F-4467-BD41-D9AA632A0E83.codesnippet in Resources */,
				89A5E3EC1AE4CE7A001F6535 /* EA467D07-0DA8-4A44-9496-2674C8D21C13.codesnippet in Resources */,
				89A5E34D1AE4CC8B001F6535 /* LaunchScreen.xib in Resources */,
				89A5E3D81AE4CE7A001F6535 /* 34E99E58-FB7E-4AAE-9346-291A969ACBF2.codesnippet in Resources */,
				89A5E3DB1AE4CE7A001F6535 /* 55F3F9CC-A08E-4CBE-9C96-0AF1C472649C.codesnippet in Resources */,
				89A5E3DC1AE4CE7A001F6535 /* 62CB9255-14CC-4D2F-B039-D1C7F75FF239.codesnippet in Resources */,
				89A5E3EB1AE4CE7A001F6535 /* E872A8A5-F656-4EAB-8FA1-C5B1358C8BA6.codesnippet in Resources */,
				89A5E3E41AE4CE7A001F6535 /* 9FD350E8-1D13-465B-8882-879EAA259681.codesnippet in Resources */,
				89A5E34A1AE4CC8B001F6535 /* Images.xcassets in Resources */,
				89A5E3E71AE4CE7A001F6535 /* CC7FEED4-F3CD-4F95-9D9E-A5B370C33CFF.codesnippet in Resources */,
				89A5E3E31AE4CE7A001F6535 /* 95CE3D78-9606-430E-9B7F-C5BAD72D2D90.codesnippet in Resources */,
				89A5E3F41AE4D335001F6535 /* ViewController.xib in Resources */,
				89A5E3EA1AE4CE7A001F6535 /* D71B0FCA-8D09-423D-BB8A-D4614E973F2B.codesnippet in Resources */,
				89A5E3D31AE4CE7A001F6535 /* 0D6975F9-C05D-4FA2-A566-1523C39F6B16.codesnippet in Resources */,
				89A5E3D91AE4CE7A001F6535 /* 3EE4CB05-3745-456A-B181-EDCE10F5F9C8.codesnippet in Resources */,
				89A5E3EE1AE4CE7A001F6535 /* F65133D4-D8C2-41E7-995C-4BAC8AE1D408.codesnippet in Resources */,
				89A5E3E01AE4CE7A001F6535 /* 8195CF46-A1CE-4C36-BB76-0713E6FCDB57.codesnippet in Resources */,
				89A5E3DD1AE4CE7A001F6535 /* 65D27C00-2694-4B17-B682-3AFFBBC46A6B.codesnippet in Resources */,
				89A5E3D41AE4CE7A001F6535 /* 0FD636EB-A690-4719-90F7-19572E156EDF.codesnippet in Resources */,
				89A5E3DA1AE4CE7A001F6535 /* 52ED5232-DDA6-43D4-868E-335AB2C5638C.codesnippet in Resources */,
				89A5E3D61AE4CE7A001F6535 /* 1EDB0718-DC41-4322-9086-4B4E50E2FDC5.codesnippet in Resources */,
				89A5E3D71AE4CE7A001F6535 /* 2FFB5AF9-06B2-4959-9C01-702F9CFA0CDF.codesnippet in Resources */,
				89A5E3ED1AE4CE7A001F6535 /* EA88047C-7110-4957-B60E-1138362E45D1.codesnippet in Resources */,
				89A5E3E21AE4CE7A001F6535 /* 8B5C05F5-4175-4987-ACC4-53FB3225EA8C.codesnippet in Resources */,
				89A5E3EF1AE4CE7A001F6535 /* F8A76237-E623-4BCF-A768-EDDFA71F6940.codesnippet in Resources */,
				89A5E3E91AE4CE7A001F6535 /* D4FB6F07-4FB2-446E-825D-4BCDF19F478D.codesnippet in Resources */,
				89A5E3E51AE4CE7A001F6535 /* C111A937-498A-4706-93D3-4F29D86E8FCD.codesnippet in Resources */,
			);
			runOnlyForDeploymentPostprocessing = 0;
		};
		89A5E3501AE4CC8B001F6535 /* Resources */ = {
			isa = PBXResourcesBuildPhase;
			buildActionMask = 2147483647;
			files = (
			);
			runOnlyForDeploymentPostprocessing = 0;
		};
/* End PBXResourcesBuildPhase section */

/* Begin PBXSourcesBuildPhase section */
		89A5E3351AE4CC8B001F6535 /* Sources */ = {
			isa = PBXSourcesBuildPhase;
			buildActionMask = 2147483647;
			files = (
				89A5E3451AE4CC8B001F6535 /* ViewController.m in Sources */,
				89335F4B1AEDFDA100BC444B /* UIFont+Extend.m in Sources */,
				89335F511AEDFDA100BC444B /* UIImage+ImageEffects.m in Sources */,
				89335F431AEDFDA100BC444B /* NSArray+Extend.m in Sources */,
				89335F4D1AEDFDA100BC444B /* UIImage+Color.m in Sources */,
				89A5E3421AE4CC8B001F6535 /* AppDelegate.m in Sources */,
				89335F451AEDFDA100BC444B /* NSObject+Extend.m in Sources */,
				89335F471AEDFDA100BC444B /* NSString+Password.m in Sources */,
				89335F521AEDFDA100BC444B /* UIImage+RTTint.m in Sources */,
				89335F531AEDFDA100BC444B /* UIImage+TintColor.m in Sources */,
				89A5E33F1AE4CC8B001F6535 /* main.m in Sources */,
				89335F481AEDFDA100BC444B /* UIApplication+Extend.m in Sources */,
				89335F441AEDFDA100BC444B /* NSDate+Extend.m in Sources */,
				89335F411AEDFDA100BC444B /* CALayer+Anim.m in Sources */,
				89335F4C1AEDFDA100BC444B /* UIImage+Blur.m in Sources */,
				89335F4F1AEDFDA100BC444B /* UIImage+Extend.m in Sources */,
				89335F551AEDFDA100BC444B /* UIWindow+Launch.m in Sources */,
				89335F4E1AEDFDA100BC444B /* UIImage+Cut.m in Sources */,
				89335F421AEDFDA100BC444B /* CALayer+Transition.m in Sources */,
				89335F491AEDFDA100BC444B /* UIButton+ImageBtn.m in Sources */,
				89335F4A1AEDFDA100BC444B /* UIColor+Extend.m in Sources */,
				89A5E3661AE4CCCB001F6535 /* CoreAnimLaunchImageView.m in Sources */,
				89335F501AEDFDA100BC444B /* UIImage+FixOrientation.m in Sources */,
				89335F541AEDFDA100BC444B /* UIView+Extend.m in Sources */,
				89335F461AEDFDA100BC444B /* NSString+Extend.m in Sources */,
			);
			runOnlyForDeploymentPostprocessing = 0;
		};
		89A5E34E1AE4CC8B001F6535 /* Sources */ = {
			isa = PBXSourcesBuildPhase;
			buildActionMask = 2147483647;
			files = (
				89A5E3591AE4CC8B001F6535 /* CoreAnimLaunchImageViewTests.m in Sources */,
			);
			runOnlyForDeploymentPostprocessing = 0;
		};
/* End PBXSourcesBuildPhase section */

/* Begin PBXTargetDependency section */
		89A5E3541AE4CC8B001F6535 /* PBXTargetDependency */ = {
			isa = PBXTargetDependency;
			target = 89A5E3381AE4CC8B001F6535 /* CoreAnimLaunchImageView */;
			targetProxy = 89A5E3531AE4CC8B001F6535 /* PBXContainerItemProxy */;
		};
/* End PBXTargetDependency section */

/* Begin PBXVariantGroup section */
		89A5E3461AE4CC8B001F6535 /* Main.storyboard */ = {
			isa = PBXVariantGroup;
			children = (
				89A5E3471AE4CC8B001F6535 /* Base */,
			);
			name = Main.storyboard;
			sourceTree = "<group>";
		};
		89A5E34B1AE4CC8B001F6535 /* LaunchScreen.xib */ = {
			isa = PBXVariantGroup;
			children = (
				89A5E34C1AE4CC8B001F6535 /* Base */,
			);
			name = LaunchScreen.xib;
			sourceTree = "<group>";
		};
/* End PBXVariantGroup section */

/* Begin XCBuildConfiguration section */
		89A5E35A1AE4CC8B001F6535 /* Debug */ = {
			isa = XCBuildConfiguration;
			buildSettings = {
				ALWAYS_SEARCH_USER_PATHS = NO;
				CLANG_CXX_LANGUAGE_STANDARD = "gnu++0x";
				CLANG_CXX_LIBRARY = "libc++";
				CLANG_ENABLE_MODULES = YES;
				CLANG_ENABLE_OBJC_ARC = YES;
				CLANG_WARN_BOOL_CONVERSION = YES;
				CLANG_WARN_CONSTANT_CONVERSION = YES;
				CLANG_WARN_DIRECT_OBJC_ISA_USAGE = YES_ERROR;
				CLANG_WARN_EMPTY_BODY = YES;
				CLANG_WARN_ENUM_CONVERSION = YES;
				CLANG_WARN_INT_CONVERSION = YES;
				CLANG_WARN_OBJC_ROOT_CLASS = YES_ERROR;
				CLANG_WARN_UNREACHABLE_CODE = YES;
				CLANG_WARN__DUPLICATE_METHOD_MATCH = YES;
				"CODE_SIGN_IDENTITY[sdk=iphoneos*]" = "iPhone Developer";
				COPY_PHASE_STRIP = NO;
				DEBUG_INFORMATION_FORMAT = "dwarf-with-dsym";
				ENABLE_STRICT_OBJC_MSGSEND = YES;
				GCC_C_LANGUAGE_STANDARD = gnu99;
				GCC_DYNAMIC_NO_PIC = NO;
				GCC_NO_COMMON_BLOCKS = YES;
				GCC_OPTIMIZATION_LEVEL = 0;
				GCC_PREPROCESSOR_DEFINITIONS = (
					"DEBUG=1",
					"$(inherited)",
				);
				GCC_SYMBOLS_PRIVATE_EXTERN = NO;
				GCC_WARN_64_TO_32_BIT_CONVERSION = YES;
				GCC_WARN_ABOUT_RETURN_TYPE = YES_ERROR;
				GCC_WARN_UNDECLARED_SELECTOR = YES;
				GCC_WARN_UNINITIALIZED_AUTOS = YES_AGGRESSIVE;
				GCC_WARN_UNUSED_FUNCTION = YES;
				GCC_WARN_UNUSED_VARIABLE = YES;
				IPHONEOS_DEPLOYMENT_TARGET = 8.3;
				MTL_ENABLE_DEBUG_INFO = YES;
				ONLY_ACTIVE_ARCH = YES;
				SDKROOT = iphoneos;
				TARGETED_DEVICE_FAMILY = "1,2";
			};
			name = Debug;
		};
		89A5E35B1AE4CC8B001F6535 /* Release */ = {
			isa = XCBuildConfiguration;
			buildSettings = {
				ALWAYS_SEARCH_USER_PATHS = NO;
				CLANG_CXX_LANGUAGE_STANDARD = "gnu++0x";
				CLANG_CXX_LIBRARY = "libc++";
				CLANG_ENABLE_MODULES = YES;
				CLANG_ENABLE_OBJC_ARC = YES;
				CLANG_WARN_BOOL_CONVERSION = YES;
				CLANG_WARN_CONSTANT_CONVERSION = YES;
				CLANG_WARN_DIRECT_OBJC_ISA_USAGE = YES_ERROR;
				CLANG_WARN_EMPTY_BODY = YES;
				CLANG_WARN_ENUM_CONVERSION = YES;
				CLANG_WARN_INT_CONVERSION = YES;
				CLANG_WARN_OBJC_ROOT_CLASS = YES_ERROR;
				CLANG_WARN_UNREACHABLE_CODE = YES;
				CLANG_WARN__DUPLICATE_METHOD_MATCH = YES;
				"CODE_SIGN_IDENTITY[sdk=iphoneos*]" = "iPhone Developer";
				COPY_PHASE_STRIP = NO;
				DEBUG_INFORMATION_FORMAT = "dwarf-with-dsym";
				ENABLE_NS_ASSERTIONS = NO;
				ENABLE_STRICT_OBJC_MSGSEND = YES;
				GCC_C_LANGUAGE_STANDARD = gnu99;
				GCC_NO_COMMON_BLOCKS = YES;
				GCC_WARN_64_TO_32_BIT_CONVERSION = YES;
				GCC_WARN_ABOUT_RETURN_TYPE = YES_ERROR;
				GCC_WARN_UNDECLARED_SELECTOR = YES;
				GCC_WARN_UNINITIALIZED_AUTOS = YES_AGGRESSIVE;
				GCC_WARN_UNUSED_FUNCTION = YES;
				GCC_WARN_UNUSED_VARIABLE = YES;
				IPHONEOS_DEPLOYMENT_TARGET = 8.3;
				MTL_ENABLE_DEBUG_INFO = NO;
				SDKROOT = iphoneos;
				TARGETED_DEVICE_FAMILY = "1,2";
				VALIDATE_PRODUCT = YES;
			};
			name = Release;
		};
		89A5E35D1AE4CC8B001F6535 /* Debug */ = {
			isa = XCBuildConfiguration;
			buildSettings = {
				ASSETCATALOG_COMPILER_APPICON_NAME = AppIcon;
				ASSETCATALOG_COMPILER_LAUNCHIMAGE_NAME = LaunchImage;
				INFOPLIST_FILE = CoreAnimLaunchImageView/Info.plist;
				IPHONEOS_DEPLOYMENT_TARGET = 7.0;
				LD_RUNPATH_SEARCH_PATHS = "$(inherited) @executable_path/Frameworks";
				PRODUCT_NAME = "$(TARGET_NAME)";
			};
			name = Debug;
		};
		89A5E35E1AE4CC8B001F6535 /* Release */ = {
			isa = XCBuildConfiguration;
			buildSettings = {
				ASSETCATALOG_COMPILER_APPICON_NAME = AppIcon;
				ASSETCATALOG_COMPILER_LAUNCHIMAGE_NAME = LaunchImage;
				INFOPLIST_FILE = CoreAnimLaunchImageView/Info.plist;
				IPHONEOS_DEPLOYMENT_TARGET = 7.0;
				LD_RUNPATH_SEARCH_PATHS = "$(inherited) @executable_path/Frameworks";
				PRODUCT_NAME = "$(TARGET_NAME)";
			};
			name = Release;
		};
		89A5E3601AE4CC8B001F6535 /* Debug */ = {
			isa = XCBuildConfiguration;
			buildSettings = {
				BUNDLE_LOADER = "$(TEST_HOST)";
				FRAMEWORK_SEARCH_PATHS = (
					"$(SDKROOT)/Developer/Library/Frameworks",
					"$(inherited)",
				);
				GCC_PREPROCESSOR_DEFINITIONS = (
					"DEBUG=1",
					"$(inherited)",
				);
				INFOPLIST_FILE = CoreAnimLaunchImageViewTests/Info.plist;
				LD_RUNPATH_SEARCH_PATHS = "$(inherited) @executable_path/Frameworks @loader_path/Frameworks";
				PRODUCT_NAME = "$(TARGET_NAME)";
				TEST_HOST = "$(BUILT_PRODUCTS_DIR)/CoreAnimLaunchImageView.app/CoreAnimLaunchImageView";
			};
			name = Debug;
		};
		89A5E3611AE4CC8B001F6535 /* Release */ = {
			isa = XCBuildConfiguration;
			buildSettings = {
				BUNDLE_LOADER = "$(TEST_HOST)";
				FRAMEWORK_SEARCH_PATHS = (
					"$(SDKROOT)/Developer/Library/Frameworks",
					"$(inherited)",
				);
				INFOPLIST_FILE = CoreAnimLaunchImageViewTests/Info.plist;
				LD_RUNPATH_SEARCH_PATHS = "$(inherited) @executable_path/Frameworks @loader_path/Frameworks";
				PRODUCT_NAME = "$(TARGET_NAME)";
				TEST_HOST = "$(BUILT_PRODUCTS_DIR)/CoreAnimLaunchImageView.app/CoreAnimLaunchImageView";
			};
			name = Release;
		};
/* End XCBuildConfiguration section */

/* Begin XCConfigurationList section */
		89A5E3341AE4CC8B001F6535 /* Build configuration list for PBXProject "CoreAnimLaunchImageView" */ = {
			isa = XCConfigurationList;
			buildConfigurations = (
				89A5E35A1AE4CC8B001F6535 /* Debug */,
				89A5E35B1AE4CC8B001F6535 /* Release */,
			);
			defaultConfigurationIsVisible = 0;
			defaultConfigurationName = Release;
		};
		89A5E35C1AE4CC8B001F6535 /* Build configuration list for PBXNativeTarget "CoreAnimLaunchImageView" */ = {
			isa = XCConfigurationList;
			buildConfigurations = (
				89A5E35D1AE4CC8B001F6535 /* Debug */,
				89A5E35E1AE4CC8B001F6535 /* Release */,
			);
			defaultConfigurationIsVisible = 0;
			defaultConfigurationName = Release;
		};
		89A5E35F1AE4CC8B001F6535 /* Build configuration list for PBXNativeTarget "CoreAnimLaunchImageViewTests" */ = {
			isa = XCConfigurationList;
			buildConfigurations = (
				89A5E3601AE4CC8B001F6535 /* Debug */,
				89A5E3611AE4CC8B001F6535 /* Release */,
			);
			defaultConfigurationIsVisible = 0;
			defaultConfigurationName = Release;
		};
/* End XCConfigurationList section */
	};
	rootObject = 89A5E3311AE4CC8B001F6535 /* Project object */;
}
